# This file is automatically @generated by Poetry 2.1.2 and should not be changed by hand.

[[package]]
name = "yt-dlp"
version = "2025.6.30"
description = "A feature-rich command-line audio/video downloader"
optional = false
python-versions = ">=3.9"
groups = ["main"]
files = [
    {file = "yt_dlp-2025.6.30-py3-none-any.whl", hash = "sha256:541becc29ed7b7b3a08751c0a66da4b7f8ee95cb81066221c78e83598bc3d1f3"},
    {file = "yt_dlp-2025.6.30.tar.gz", hash = "sha256:6d0ae855c0a55bfcc28dffba804ec8525b9b955d34a41191a1561a4cec03d8bd"},
]

[package.extras]
build = ["build", "hatchling", "pip", "setuptools (>=71.0.2,<81)", "wheel"]
curl-cffi = ["curl-cffi (>=0.5.10,<0.6.dev0 || ==0.10.*) ; implementation_name == \"cpython\""]
default = ["brotli ; implementation_name == \"cpython\"", "brotlicffi ; implementation_name != \"cpython\"", "certifi", "mutagen", "pycryptodomex", "requests (>=2.32.2,<3)", "urllib3 (>=1.26.17,<3)", "websockets (>=13.0)"]
dev = ["autopep8 (>=2.0,<3.0)", "pre-commit", "pytest (>=8.1,<9.0)", "pytest-rerunfailures (>=14.0,<15.0)", "ruff (>=0.11.0,<0.12.0)"]
pyinstaller = ["pyinstaller (>=6.13.0)"]
secretstorage = ["cffi", "secretstorage"]
static-analysis = ["autopep8 (>=2.0,<3.0)", "ruff (>=0.11.0,<0.12.0)"]
test = ["pytest (>=8.1,<9.0)", "pytest-rerunfailures (>=14.0,<15.0)"]

[metadata]
lock-version = "2.1"
python-versions = ">=3.13"
content-hash = "fa482332d7257818e0ec2fe776dfff916161c06f10cb3a975569738064784d93"
